
Microsoft Visual Studio Solution File, Format Version 12.00
# Visual Studio 15
VisualStudioVersion = 15.0.28010.2041
MinimumVisualStudioVersion = 10.0.40219.1
Project("{FAE04EC0-301F-11D3-BF4B-00C04F79EFBC}") = "NesneLokantasi", "NesneLokantasi\NesneLokantasi.csproj", "{7D034343-7AEE-46CE-9AAC-37E42ACF3A09}"
EndProject
Global
	GlobalSection(SolutionConfigurationPlatforms) = preSolution
		Debug|Any CPU = Debug|Any CPU
		Release|Any CPU = Release|Any CPU
	EndGlobalSection
	GlobalSection(ProjectConfigurationPlatforms) = postSolution
		{7D034343-7AEE-46CE-9AAC-37E42ACF3A09}.Debug|Any CPU.ActiveCfg = Debug|Any CPU
		{7D034343-7AEE-46CE-9AAC-37E42ACF3A09}.Debug|Any CPU.Build.0 = Debug|Any CPU
		{7D034343-7AEE-46CE-9AAC-37E42ACF3A09}.Release|Any CPU.ActiveCfg = Release|Any CPU
		{7D034343-7AEE-46CE-9AAC-37E42ACF3A09}.Release|Any CPU.Build.0 = Release|Any CPU
	EndGlobalSection
	GlobalSection(SolutionProperties) = preSolution
		HideSolutionNode = FALSE
	EndGlobalSection
	GlobalSection(ExtensibilityGlobals) = postSolution
		SolutionGuid = {85A42E17-F0B2-4160-B667-1A2ADFC1F88F}
	EndGlobalSection
EndGlobal
